{
  "name": "remix-auth-socials",
  "version": "2.0.6",
  "lockfileVersion": 3,
  "requires": true,
  "packages": {
    "": {
      "name": "remix-auth-socials",
      "version": "2.0.6",
      "license": "MIT",
      "dependencies": {
        "remix-auth": "^3.7.0",
        "remix-auth-discord": "^1.3.3",
        "remix-auth-facebook": "^1.0.1",
        "remix-auth-github": "^1.7.0",
        "remix-auth-google": "^2.0.0",
        "remix-auth-linkedin": "^2.0.1",
        "remix-auth-microsoft": "^2.0.1",
        "remix-auth-twitter": "^2.1.0"
      },
      "devDependencies": {
        "prettier": "^3.3.3",
        "typescript": "^5.5.3"
      }
    },
    "node_modules/crypto-js": {
      "version": "4.2.0",
      "license": "MIT"
    },
    "node_modules/debug": {
      "version": "4.3.5",
      "license": "MIT",
      "dependencies": {
        "ms": "2.1.2"
      },
      "engines": {
        "node": ">=6.0"
      },
      "peerDependenciesMeta": {
        "supports-color": {
          "optional": true
        }
      }
    },
    "node_modules/ms": {
      "version": "2.1.2",
      "license": "MIT"
    },
    "node_modules/prettier": {
      "version": "3.3.3",
      "dev": true,
      "license": "MIT",
      "bin": {
        "prettier": "bin/prettier.cjs"
      },
      "engines": {
        "node": ">=14"
      },
      "funding": {
        "url": "https://github.com/prettier/prettier?sponsor=1"
      }
    },
    "node_modules/remix-auth": {
      "version": "3.7.0",
      "license": "MIT",
      "dependencies": {
        "uuid": "^8.3.2"
      },
      "peerDependencies": {
        "@remix-run/react": "^1.0.0 || ^2.0.0",
        "@remix-run/server-runtime": "^1.0.0 || ^2.0.0"
      }
    },
    "node_modules/remix-auth-discord": {
      "version": "1.3.3",
      "resolved": "https://registry.npmjs.org/remix-auth-discord/-/remix-auth-discord-1.3.3.tgz",
      "integrity": "sha512-xu/NTV/wHM3zUOlKtav8k3OBBzEBcr9ADrVPPV2aoLuNX432kK9QLAT/oDysfJyKnvKjZwVhlJNBkD8wBSnhMQ==",
      "dependencies": {
        "remix-auth": "^3.6.0",
        "remix-auth-oauth2": "^1.11.0"
      },
      "peerDependencies": {
        "@remix-run/server-runtime": "^2.1.0"
      }
    },
    "node_modules/remix-auth-facebook": {
      "version": "1.0.1",
      "license": "MIT",
      "dependencies": {
        "remix-auth-oauth2": "^1.6.0"
      },
      "peerDependencies": {
        "@remix-run/server-runtime": "^1.5.1",
        "remix-auth": "^3.2.2"
      }
    },
    "node_modules/remix-auth-github": {
      "version": "1.7.0",
      "license": "MIT",
      "dependencies": {
        "remix-auth-oauth2": "^1.11.2"
      },
      "peerDependencies": {
        "@remix-run/server-runtime": "^1.0.0 || ^2.0.0",
        "remix-auth": "^3.4.0"
      }
    },
    "node_modules/remix-auth-google": {
      "version": "2.0.0",
      "license": "MIT",
      "dependencies": {
        "remix-auth-oauth2": "^1.11.0"
      },
      "peerDependencies": {
        "@remix-run/server-runtime": "^2.0.1",
        "remix-auth": "^3.2.1"
      }
    },
    "node_modules/remix-auth-linkedin": {
      "version": "2.0.1",
      "resolved": "https://registry.npmjs.org/remix-auth-linkedin/-/remix-auth-linkedin-2.0.1.tgz",
      "integrity": "sha512-EBbyhBZEDP2MaRluLiFOqk8NX8YYu7aXYXC9Aky0PTAU6H1zYw0WI85/j66xiL94aL/i6TgGiT+c//SWpW/pHA==",
      "dependencies": {
        "remix-auth-oauth2": "^1.11.2"
      },
      "peerDependencies": {
        "@remix-run/server-runtime": "^1.0.0 || ^2.0.0",
        "remix-auth": "^3.6.0"
      }
    },
    "node_modules/remix-auth-microsoft": {
      "version": "2.0.1",
      "license": "MIT",
      "dependencies": {
        "remix-auth": "^3.6.0",
        "remix-auth-oauth2": "^1.11.0"
      },
      "peerDependencies": {
        "@remix-run/server-runtime": "^1.0.0 || ^2.0.0"
      }
    },
    "node_modules/remix-auth-oauth2": {
      "version": "1.11.2",
      "license": "MIT",
      "dependencies": {
        "debug": "^4.3.4",
        "uuid": "^9.0.1"
      },
      "peerDependencies": {
        "@remix-run/server-runtime": "^1.0.0 || ^2.0.0",
        "remix-auth": "^3.6.0"
      }
    },
    "node_modules/remix-auth-oauth2/node_modules/uuid": {
      "version": "9.0.1",
      "funding": [
        "https://github.com/sponsors/broofa",
        "https://github.com/sponsors/ctavan"
      ],
      "license": "MIT",
      "bin": {
        "uuid": "dist/bin/uuid"
      }
    },
    "node_modules/remix-auth-twitter": {
      "version": "2.1.0",
      "license": "MIT",
      "dependencies": {
        "crypto-js": "^4.1.1",
        "debug": "^4.3.3",
        "remix-auth": "^3.2.2",
        "uuid": "^8.3.2"
      },
      "peerDependencies": {
        "@remix-run/server-runtime": "^1.19"
      }
    },
    "node_modules/typescript": {
      "version": "5.5.3",
      "dev": true,
      "license": "Apache-2.0",
      "bin": {
        "tsc": "bin/tsc",
        "tsserver": "bin/tsserver"
      },
      "engines": {
        "node": ">=14.17"
      }
    },
    "node_modules/uuid": {
      "version": "8.3.2",
      "license": "MIT",
      "bin": {
        "uuid": "dist/bin/uuid"
      }
    }
  }
}
