{
  "name": "remix-auth-socials",
  "version": "2.0.3",
  "lockfileVersion": 2,
  "requires": true,
  "packages": {
    "": {
      "name": "remix-auth-socials",
      "version": "2.0.3",
      "license": "MIT",
      "dependencies": {
        "remix-auth": "^3.4.0",
        "remix-auth-discord": "^1.2.0",
        "remix-auth-facebook": "^0.0.8",
        "remix-auth-github": "^1.2.1",
        "remix-auth-google": "^1.2.0",
        "remix-auth-linkedin": "^1.0.1",
        "remix-auth-microsoft": "^2.0.0",
        "remix-auth-twitter": "^0.1.1"
      },
      "devDependencies": {
        "prettier": "^2.8.1",
        "typescript": "^4.9.4"
      }
    },
    "node_modules/@remix-run/react": {
      "version": "1.9.0",
      "resolved": "https://registry.npmjs.org/@remix-run/react/-/react-1.9.0.tgz",
      "integrity": "sha512-Rtm6qqdKMD0AMsJuzCFwpz40/o6LXQq20smHyyvH8EMHJRPrms44By28uMW0kmc+M9q0wa0gBfMzWFfZnCSFwg==",
      "peer": true,
      "dependencies": {
        "@remix-run/router": "1.1.0",
        "react-router-dom": "6.5.0"
      },
      "engines": {
        "node": ">=14"
      },
      "peerDependencies": {
        "react": ">=16.8",
        "react-dom": ">=16.8"
      }
    },
    "node_modules/@remix-run/router": {
      "version": "1.1.0",
      "resolved": "https://registry.npmjs.org/@remix-run/router/-/router-1.1.0.tgz",
      "integrity": "sha512-rGl+jH/7x1KBCQScz9p54p0dtPLNeKGb3e0wD2H5/oZj41bwQUnXdzbj2TbUAFhvD7cp9EyEQA4dEgpUFa1O7Q==",
      "peer": true,
      "engines": {
        "node": ">=14"
      }
    },
    "node_modules/@remix-run/server-runtime": {
      "version": "1.9.0",
      "resolved": "https://registry.npmjs.org/@remix-run/server-runtime/-/server-runtime-1.9.0.tgz",
      "integrity": "sha512-HNJGAzdp4JZqBtDqhi9tEtTxWztuQYruuMPyTlJmSWQhK3MdaOs7F9DJtfFKAhy8LBOqniwpE5w27dkCx7trOg==",
      "peer": true,
      "dependencies": {
        "@remix-run/router": "1.1.0",
        "@types/cookie": "^0.4.0",
        "@web3-storage/multipart-parser": "^1.0.0",
        "cookie": "^0.4.1",
        "set-cookie-parser": "^2.4.8",
        "source-map": "^0.7.3"
      },
      "engines": {
        "node": ">=14"
      },
      "peerDependencies": {
        "react": ">=16.8",
        "react-dom": ">=16.8"
      }
    },
    "node_modules/@types/cookie": {
      "version": "0.4.1",
      "resolved": "https://registry.npmjs.org/@types/cookie/-/cookie-0.4.1.tgz",
      "integrity": "sha512-XW/Aa8APYr6jSVVA1y/DEIZX0/GMKLEVekNG727R8cs56ahETkRAy/3DR7+fJyh7oUgGwNQaRfXCun0+KbWY7Q==",
      "peer": true
    },
    "node_modules/@web3-storage/multipart-parser": {
      "version": "1.0.0",
      "resolved": "https://registry.npmjs.org/@web3-storage/multipart-parser/-/multipart-parser-1.0.0.tgz",
      "integrity": "sha512-BEO6al7BYqcnfX15W2cnGR+Q566ACXAT9UQykORCWW80lmkpWsnEob6zJS1ZVBKsSJC8+7vJkHwlp+lXG1UCdw==",
      "peer": true
    },
    "node_modules/cookie": {
      "version": "0.4.2",
      "resolved": "https://registry.npmjs.org/cookie/-/cookie-0.4.2.tgz",
      "integrity": "sha512-aSWTXFzaKWkvHO1Ny/s+ePFpvKsPnjc551iI41v3ny/ow6tBG5Vd+FuqGNhh1LxOmVzOlGUriIlOaokOvhaStA==",
      "peer": true,
      "engines": {
        "node": ">= 0.6"
      }
    },
    "node_modules/crypto-js": {
      "version": "4.1.1",
      "resolved": "https://registry.npmjs.org/crypto-js/-/crypto-js-4.1.1.tgz",
      "integrity": "sha512-o2JlM7ydqd3Qk9CA0L4NL6mTzU2sdx96a+oOfPu8Mkl/PK51vSyoi8/rQ8NknZtk44vq15lmhAj9CIAGwgeWKw=="
    },
    "node_modules/debug": {
      "version": "4.3.4",
      "resolved": "https://registry.npmjs.org/debug/-/debug-4.3.4.tgz",
      "integrity": "sha512-PRWFHuSU3eDtQJPvnNY7Jcket1j0t5OuOsFzPPzsekD52Zl8qUfFIPEiswXqIvHWGVHOgX+7G/vCNNhehwxfkQ==",
      "dependencies": {
        "ms": "2.1.2"
      },
      "engines": {
        "node": ">=6.0"
      },
      "peerDependenciesMeta": {
        "supports-color": {
          "optional": true
        }
      }
    },
    "node_modules/js-tokens": {
      "version": "4.0.0",
      "resolved": "https://registry.npmjs.org/js-tokens/-/js-tokens-4.0.0.tgz",
      "integrity": "sha512-RdJUflcE3cUzKiMqQgsCu06FPu9UdIJO0beYbPhHN4k6apgJtifcoCtT9bcxOpYBtpD2kCM6Sbzg4CausW/PKQ=="
    },
    "node_modules/loose-envify": {
      "version": "1.4.0",
      "resolved": "https://registry.npmjs.org/loose-envify/-/loose-envify-1.4.0.tgz",
      "integrity": "sha512-lyuxPGr/Wfhrlem2CL/UcnUc1zcqKAImBDzukY7Y5F/yQiNdko6+fRLevlw1HgMySw7f611UIY408EtxRSoK3Q==",
      "dependencies": {
        "js-tokens": "^3.0.0 || ^4.0.0"
      },
      "bin": {
        "loose-envify": "cli.js"
      }
    },
    "node_modules/ms": {
      "version": "2.1.2",
      "resolved": "https://registry.npmjs.org/ms/-/ms-2.1.2.tgz",
      "integrity": "sha512-sGkPx+VjMtmA6MX27oA4FBFELFCZZ4S4XqeGOXCv68tT+jb3vk/RyaKWP0PTKyWtmLSM0b+adUTEvbs1PEaH2w=="
    },
    "node_modules/object-assign": {
      "version": "4.1.1",
      "resolved": "https://registry.npmjs.org/object-assign/-/object-assign-4.1.1.tgz",
      "integrity": "sha512-rJgTQnkUnH1sFw8yT6VSU3zD3sWmu6sZhIseY8VX+GRu3P6F7Fu+JNDoXfklElbLJSnc3FUQHVe4cU5hj+BcUg==",
      "engines": {
        "node": ">=0.10.0"
      }
    },
    "node_modules/prettier": {
      "version": "2.8.1",
      "resolved": "https://registry.npmjs.org/prettier/-/prettier-2.8.1.tgz",
      "integrity": "sha512-lqGoSJBQNJidqCHE80vqZJHWHRFoNYsSpP9AjFhlhi9ODCJA541svILes/+/1GM3VaL/abZi7cpFzOpdR9UPKg==",
      "dev": true,
      "bin": {
        "prettier": "bin-prettier.js"
      },
      "engines": {
        "node": ">=10.13.0"
      },
      "funding": {
        "url": "https://github.com/prettier/prettier?sponsor=1"
      }
    },
    "node_modules/react": {
      "version": "18.2.0",
      "resolved": "https://registry.npmjs.org/react/-/react-18.2.0.tgz",
      "integrity": "sha512-/3IjMdb2L9QbBdWiW5e3P2/npwMBaU9mHCSCUzNln0ZCYbcfTsGbTJrU/kGemdH2IWmB2ioZ+zkxtmq6g09fGQ==",
      "peer": true,
      "dependencies": {
        "loose-envify": "^1.1.0"
      },
      "engines": {
        "node": ">=0.10.0"
      }
    },
    "node_modules/react-dom": {
      "version": "18.2.0",
      "resolved": "https://registry.npmjs.org/react-dom/-/react-dom-18.2.0.tgz",
      "integrity": "sha512-6IMTriUmvsjHUjNtEDudZfuDQUoWXVxKHhlEGSk81n4YFS+r/Kl99wXiwlVXtPBtJenozv2P+hxDsw9eA7Xo6g==",
      "peer": true,
      "dependencies": {
        "loose-envify": "^1.1.0",
        "scheduler": "^0.23.0"
      },
      "peerDependencies": {
        "react": "^18.2.0"
      }
    },
    "node_modules/react-router": {
      "version": "6.5.0",
      "resolved": "https://registry.npmjs.org/react-router/-/react-router-6.5.0.tgz",
      "integrity": "sha512-fqqUSU0NC0tSX0sZbyuxzuAzvGqbjiZItBQnyicWlOUmzhAU8YuLgRbaCL2hf3sJdtRy4LP/WBrWtARkMvdGPQ==",
      "peer": true,
      "dependencies": {
        "@remix-run/router": "1.1.0"
      },
      "engines": {
        "node": ">=14"
      },
      "peerDependencies": {
        "react": ">=16.8"
      }
    },
    "node_modules/react-router-dom": {
      "version": "6.5.0",
      "resolved": "https://registry.npmjs.org/react-router-dom/-/react-router-dom-6.5.0.tgz",
      "integrity": "sha512-/XzRc5fq80gW1ctiIGilyKFZC/j4kfe75uivMsTChFbkvrK4ZrF3P3cGIc1f/SSkQ4JiJozPrf+AwUHHWVehVg==",
      "peer": true,
      "dependencies": {
        "@remix-run/router": "1.1.0",
        "react-router": "6.5.0"
      },
      "engines": {
        "node": ">=14"
      },
      "peerDependencies": {
        "react": ">=16.8",
        "react-dom": ">=16.8"
      }
    },
    "node_modules/remix-auth": {
      "version": "3.4.0",
      "resolved": "https://registry.npmjs.org/remix-auth/-/remix-auth-3.4.0.tgz",
      "integrity": "sha512-VRliJo9VRAS4sSYgMjYbi7rYRixPWU2Tb8PFZb06OIj0nONK/1KRzHf2+Y6VGZeIacepLVgan6g2IUJjayE2rQ==",
      "dependencies": {
        "uuid": "^8.3.2"
      },
      "peerDependencies": {
        "@remix-run/react": "^1.0.0",
        "@remix-run/server-runtime": "^1.0.0"
      }
    },
    "node_modules/remix-auth-discord": {
      "version": "1.2.0",
      "resolved": "https://registry.npmjs.org/remix-auth-discord/-/remix-auth-discord-1.2.0.tgz",
      "integrity": "sha512-35yLPfpXpFngtAD0JKYfTYjZFJhvTZoWwF+G/RB/b/tGroenymfrFZdazOWxwS3NLnY6Q9+h34tHplI6/UWyuw==",
      "dependencies": {
        "remix-auth": "^3.0.0",
        "remix-auth-oauth2": "^1.0.0"
      },
      "peerDependencies": {
        "@remix-run/server-runtime": "^1.0.0"
      }
    },
    "node_modules/remix-auth-facebook": {
      "version": "0.0.8",
      "resolved": "https://registry.npmjs.org/remix-auth-facebook/-/remix-auth-facebook-0.0.8.tgz",
      "integrity": "sha512-J08Hj4MwDZ9DNg1FWi/loMQDeVCQyO2tYVVHyqj8OxTF3mSTBj2MNIBfg2/miCIVIhqPtYBrNszXrUh7WDYIKg==",
      "dependencies": {
        "remix-auth-oauth2": "^1.2.2"
      },
      "peerDependencies": {
        "@remix-run/server-runtime": "^1.5.1",
        "remix-auth": "^3.2.2"
      }
    },
    "node_modules/remix-auth-github": {
      "version": "1.2.1",
      "resolved": "https://registry.npmjs.org/remix-auth-github/-/remix-auth-github-1.2.1.tgz",
      "integrity": "sha512-zHFl1ys1vodIvWY0XmyKbSsXJQh1SJSukFCg2NEjD6fPeh6ekk4yRH9AcjybssZfsymHHQtmSYNB81sWYa0eWg==",
      "dependencies": {
        "remix-auth-oauth2": "^1.4.0"
      },
      "peerDependencies": {
        "@remix-run/server-runtime": "^1.0.0",
        "remix-auth": "^3.4.0"
      }
    },
    "node_modules/remix-auth-google": {
      "version": "1.2.0",
      "resolved": "https://registry.npmjs.org/remix-auth-google/-/remix-auth-google-1.2.0.tgz",
      "integrity": "sha512-llyrtOt8vk503XlAoEdGuEmrHRACFOP13yPVn92VkrcogTUyALzuy8ky2O1/FSJ7Q2+B0di5yMiCF4IYD/Yn4g==",
      "dependencies": {
        "remix-auth-oauth2": "^1.1.0"
      },
      "peerDependencies": {
        "@remix-run/server-runtime": "^1.1.1",
        "remix-auth": "^3.2.1"
      }
    },
    "node_modules/remix-auth-linkedin": {
      "version": "1.0.1",
      "resolved": "https://registry.npmjs.org/remix-auth-linkedin/-/remix-auth-linkedin-1.0.1.tgz",
      "integrity": "sha512-ssHXqx3nCmSIfGp8zOXkGY/TZ40bxpi8HsGnFzaWHWJImcyEQQGySB4PHaH0da9Yo7TvcjmQtZaNl66whkcS2g==",
      "dependencies": {
        "remix-auth": "^3.2.1",
        "remix-auth-oauth2": "^1.2.0"
      },
      "peerDependencies": {
        "@remix-run/server-runtime": "^1.1.3"
      }
    },
    "node_modules/remix-auth-microsoft": {
      "version": "2.0.0",
      "resolved": "https://registry.npmjs.org/remix-auth-microsoft/-/remix-auth-microsoft-2.0.0.tgz",
      "integrity": "sha512-SfTUvnRe+NIN8frSpAXpwjWBaPV8cM8a8TePbCtgmUy0eexwYM7SZTaEmT75C1XkMa3cVGlEQeKdovPMn0EaQw==",
      "dependencies": {
        "remix-auth": "^3.0.0",
        "remix-auth-oauth2": "^1.0.0"
      },
      "peerDependencies": {
        "@remix-run/server-runtime": "^1.0.0"
      }
    },
    "node_modules/remix-auth-oauth2": {
      "version": "1.5.0",
      "resolved": "https://registry.npmjs.org/remix-auth-oauth2/-/remix-auth-oauth2-1.5.0.tgz",
      "integrity": "sha512-vv/CX2bCeVf8vzACfS1Fae+i75Cw0/As3RLkp00+9n9IBEvKi07LhUxTbODNA51jRh+wInnmCRIwsHafKQDD6g==",
      "dependencies": {
        "debug": "^4.3.4",
        "remix-auth": "^3.4.0",
        "uuid": "^8.3.2"
      },
      "peerDependencies": {
        "@remix-run/server-runtime": "^1.0.0",
        "remix-auth": "^3.2.2"
      }
    },
    "node_modules/remix-auth-twitter": {
      "version": "0.1.1",
      "resolved": "https://registry.npmjs.org/remix-auth-twitter/-/remix-auth-twitter-0.1.1.tgz",
      "integrity": "sha512-6Qej/LZHYAQzG51Fqu14vqWLZGKzRkAXx77x17potJtxwSzGpy8OsqdhTm/EBbT/RKg71CsomQVpSWEq5E1Vig==",
      "dependencies": {
        "crypto-js": "^4.1.1",
        "debug": "^4.3.3",
        "react-dom": "^17.0.2",
        "remix-auth": "^3.2.2",
        "uuid": "^8.3.2"
      },
      "peerDependencies": {
        "@remix-run/server-runtime": "^1.6.3"
      }
    },
    "node_modules/remix-auth-twitter/node_modules/react": {
      "version": "17.0.2",
      "resolved": "https://registry.npmjs.org/react/-/react-17.0.2.tgz",
      "integrity": "sha512-gnhPt75i/dq/z3/6q/0asP78D0u592D5L1pd7M8P+dck6Fu/jJeL6iVVK23fptSUZj8Vjf++7wXA8UNclGQcbA==",
      "peer": true,
      "dependencies": {
        "loose-envify": "^1.1.0",
        "object-assign": "^4.1.1"
      },
      "engines": {
        "node": ">=0.10.0"
      }
    },
    "node_modules/remix-auth-twitter/node_modules/react-dom": {
      "version": "17.0.2",
      "resolved": "https://registry.npmjs.org/react-dom/-/react-dom-17.0.2.tgz",
      "integrity": "sha512-s4h96KtLDUQlsENhMn1ar8t2bEa+q/YAtj8pPPdIjPDGBDIVNsrD9aXNWqspUe6AzKCIG0C1HZZLqLV7qpOBGA==",
      "dependencies": {
        "loose-envify": "^1.1.0",
        "object-assign": "^4.1.1",
        "scheduler": "^0.20.2"
      },
      "peerDependencies": {
        "react": "17.0.2"
      }
    },
    "node_modules/remix-auth-twitter/node_modules/scheduler": {
      "version": "0.20.2",
      "resolved": "https://registry.npmjs.org/scheduler/-/scheduler-0.20.2.tgz",
      "integrity": "sha512-2eWfGgAqqWFGqtdMmcL5zCMK1U8KlXv8SQFGglL3CEtd0aDVDWgeF/YoCmvln55m5zSk3J/20hTaSBeSObsQDQ==",
      "dependencies": {
        "loose-envify": "^1.1.0",
        "object-assign": "^4.1.1"
      }
    },
    "node_modules/scheduler": {
      "version": "0.23.0",
      "resolved": "https://registry.npmjs.org/scheduler/-/scheduler-0.23.0.tgz",
      "integrity": "sha512-CtuThmgHNg7zIZWAXi3AsyIzA3n4xx7aNyjwC2VJldO2LMVDhFK+63xGqq6CsJH4rTAt6/M+N4GhZiDYPx9eUw==",
      "peer": true,
      "dependencies": {
        "loose-envify": "^1.1.0"
      }
    },
    "node_modules/set-cookie-parser": {
      "version": "2.5.1",
      "resolved": "https://registry.npmjs.org/set-cookie-parser/-/set-cookie-parser-2.5.1.tgz",
      "integrity": "sha512-1jeBGaKNGdEq4FgIrORu/N570dwoPYio8lSoYLWmX7sQ//0JY08Xh9o5pBcgmHQ/MbsYp/aZnOe1s1lIsbLprQ==",
      "peer": true
    },
    "node_modules/source-map": {
      "version": "0.7.4",
      "resolved": "https://registry.npmjs.org/source-map/-/source-map-0.7.4.tgz",
      "integrity": "sha512-l3BikUxvPOcn5E74dZiq5BGsTb5yEwhaTSzccU6t4sDOH8NWJCstKO5QT2CvtFoK6F0saL7p9xHAqHOlCPJygA==",
      "peer": true,
      "engines": {
        "node": ">= 8"
      }
    },
    "node_modules/typescript": {
      "version": "4.9.4",
      "resolved": "https://registry.npmjs.org/typescript/-/typescript-4.9.4.tgz",
      "integrity": "sha512-Uz+dTXYzxXXbsFpM86Wh3dKCxrQqUcVMxwU54orwlJjOpO3ao8L7j5lH+dWfTwgCwIuM9GQ2kvVotzYJMXTBZg==",
      "dev": true,
      "bin": {
        "tsc": "bin/tsc",
        "tsserver": "bin/tsserver"
      },
      "engines": {
        "node": ">=4.2.0"
      }
    },
    "node_modules/uuid": {
      "version": "8.3.2",
      "resolved": "https://registry.npmjs.org/uuid/-/uuid-8.3.2.tgz",
      "integrity": "sha512-+NYs2QeMWy+GWFOEm9xnn6HCDp0l7QBD7ml8zLUmJ+93Q5NF0NocErnwkTkXVFNiX3/fpC6afS8Dhb/gz7R7eg==",
      "bin": {
        "uuid": "dist/bin/uuid"
      }
    }
  },
  "dependencies": {
    "@remix-run/react": {
      "version": "1.9.0",
      "resolved": "https://registry.npmjs.org/@remix-run/react/-/react-1.9.0.tgz",
      "integrity": "sha512-Rtm6qqdKMD0AMsJuzCFwpz40/o6LXQq20smHyyvH8EMHJRPrms44By28uMW0kmc+M9q0wa0gBfMzWFfZnCSFwg==",
      "peer": true,
      "requires": {
        "@remix-run/router": "1.1.0",
        "react-router-dom": "6.5.0"
      }
    },
    "@remix-run/router": {
      "version": "1.1.0",
      "resolved": "https://registry.npmjs.org/@remix-run/router/-/router-1.1.0.tgz",
      "integrity": "sha512-rGl+jH/7x1KBCQScz9p54p0dtPLNeKGb3e0wD2H5/oZj41bwQUnXdzbj2TbUAFhvD7cp9EyEQA4dEgpUFa1O7Q==",
      "peer": true
    },
    "@remix-run/server-runtime": {
      "version": "1.9.0",
      "resolved": "https://registry.npmjs.org/@remix-run/server-runtime/-/server-runtime-1.9.0.tgz",
      "integrity": "sha512-HNJGAzdp4JZqBtDqhi9tEtTxWztuQYruuMPyTlJmSWQhK3MdaOs7F9DJtfFKAhy8LBOqniwpE5w27dkCx7trOg==",
      "peer": true,
      "requires": {
        "@remix-run/router": "1.1.0",
        "@types/cookie": "^0.4.0",
        "@web3-storage/multipart-parser": "^1.0.0",
        "cookie": "^0.4.1",
        "set-cookie-parser": "^2.4.8",
        "source-map": "^0.7.3"
      }
    },
    "@types/cookie": {
      "version": "0.4.1",
      "resolved": "https://registry.npmjs.org/@types/cookie/-/cookie-0.4.1.tgz",
      "integrity": "sha512-XW/Aa8APYr6jSVVA1y/DEIZX0/GMKLEVekNG727R8cs56ahETkRAy/3DR7+fJyh7oUgGwNQaRfXCun0+KbWY7Q==",
      "peer": true
    },
    "@web3-storage/multipart-parser": {
      "version": "1.0.0",
      "resolved": "https://registry.npmjs.org/@web3-storage/multipart-parser/-/multipart-parser-1.0.0.tgz",
      "integrity": "sha512-BEO6al7BYqcnfX15W2cnGR+Q566ACXAT9UQykORCWW80lmkpWsnEob6zJS1ZVBKsSJC8+7vJkHwlp+lXG1UCdw==",
      "peer": true
    },
    "cookie": {
      "version": "0.4.2",
      "resolved": "https://registry.npmjs.org/cookie/-/cookie-0.4.2.tgz",
      "integrity": "sha512-aSWTXFzaKWkvHO1Ny/s+ePFpvKsPnjc551iI41v3ny/ow6tBG5Vd+FuqGNhh1LxOmVzOlGUriIlOaokOvhaStA==",
      "peer": true
    },
    "crypto-js": {
      "version": "4.1.1",
      "resolved": "https://registry.npmjs.org/crypto-js/-/crypto-js-4.1.1.tgz",
      "integrity": "sha512-o2JlM7ydqd3Qk9CA0L4NL6mTzU2sdx96a+oOfPu8Mkl/PK51vSyoi8/rQ8NknZtk44vq15lmhAj9CIAGwgeWKw=="
    },
    "debug": {
      "version": "4.3.4",
      "resolved": "https://registry.npmjs.org/debug/-/debug-4.3.4.tgz",
      "integrity": "sha512-PRWFHuSU3eDtQJPvnNY7Jcket1j0t5OuOsFzPPzsekD52Zl8qUfFIPEiswXqIvHWGVHOgX+7G/vCNNhehwxfkQ==",
      "requires": {
        "ms": "2.1.2"
      }
    },
    "js-tokens": {
      "version": "4.0.0",
      "resolved": "https://registry.npmjs.org/js-tokens/-/js-tokens-4.0.0.tgz",
      "integrity": "sha512-RdJUflcE3cUzKiMqQgsCu06FPu9UdIJO0beYbPhHN4k6apgJtifcoCtT9bcxOpYBtpD2kCM6Sbzg4CausW/PKQ=="
    },
    "loose-envify": {
      "version": "1.4.0",
      "resolved": "https://registry.npmjs.org/loose-envify/-/loose-envify-1.4.0.tgz",
      "integrity": "sha512-lyuxPGr/Wfhrlem2CL/UcnUc1zcqKAImBDzukY7Y5F/yQiNdko6+fRLevlw1HgMySw7f611UIY408EtxRSoK3Q==",
      "requires": {
        "js-tokens": "^3.0.0 || ^4.0.0"
      }
    },
    "ms": {
      "version": "2.1.2",
      "resolved": "https://registry.npmjs.org/ms/-/ms-2.1.2.tgz",
      "integrity": "sha512-sGkPx+VjMtmA6MX27oA4FBFELFCZZ4S4XqeGOXCv68tT+jb3vk/RyaKWP0PTKyWtmLSM0b+adUTEvbs1PEaH2w=="
    },
    "object-assign": {
      "version": "4.1.1",
      "resolved": "https://registry.npmjs.org/object-assign/-/object-assign-4.1.1.tgz",
      "integrity": "sha512-rJgTQnkUnH1sFw8yT6VSU3zD3sWmu6sZhIseY8VX+GRu3P6F7Fu+JNDoXfklElbLJSnc3FUQHVe4cU5hj+BcUg=="
    },
    "prettier": {
      "version": "2.8.1",
      "resolved": "https://registry.npmjs.org/prettier/-/prettier-2.8.1.tgz",
      "integrity": "sha512-lqGoSJBQNJidqCHE80vqZJHWHRFoNYsSpP9AjFhlhi9ODCJA541svILes/+/1GM3VaL/abZi7cpFzOpdR9UPKg==",
      "dev": true
    },
    "react": {
      "version": "18.2.0",
      "resolved": "https://registry.npmjs.org/react/-/react-18.2.0.tgz",
      "integrity": "sha512-/3IjMdb2L9QbBdWiW5e3P2/npwMBaU9mHCSCUzNln0ZCYbcfTsGbTJrU/kGemdH2IWmB2ioZ+zkxtmq6g09fGQ==",
      "peer": true,
      "requires": {
        "loose-envify": "^1.1.0"
      }
    },
    "react-dom": {
      "version": "18.2.0",
      "resolved": "https://registry.npmjs.org/react-dom/-/react-dom-18.2.0.tgz",
      "integrity": "sha512-6IMTriUmvsjHUjNtEDudZfuDQUoWXVxKHhlEGSk81n4YFS+r/Kl99wXiwlVXtPBtJenozv2P+hxDsw9eA7Xo6g==",
      "peer": true,
      "requires": {
        "loose-envify": "^1.1.0",
        "scheduler": "^0.23.0"
      }
    },
    "react-router": {
      "version": "6.5.0",
      "resolved": "https://registry.npmjs.org/react-router/-/react-router-6.5.0.tgz",
      "integrity": "sha512-fqqUSU0NC0tSX0sZbyuxzuAzvGqbjiZItBQnyicWlOUmzhAU8YuLgRbaCL2hf3sJdtRy4LP/WBrWtARkMvdGPQ==",
      "peer": true,
      "requires": {
        "@remix-run/router": "1.1.0"
      }
    },
    "react-router-dom": {
      "version": "6.5.0",
      "resolved": "https://registry.npmjs.org/react-router-dom/-/react-router-dom-6.5.0.tgz",
      "integrity": "sha512-/XzRc5fq80gW1ctiIGilyKFZC/j4kfe75uivMsTChFbkvrK4ZrF3P3cGIc1f/SSkQ4JiJozPrf+AwUHHWVehVg==",
      "peer": true,
      "requires": {
        "@remix-run/router": "1.1.0",
        "react-router": "6.5.0"
      }
    },
    "remix-auth": {
      "version": "3.4.0",
      "resolved": "https://registry.npmjs.org/remix-auth/-/remix-auth-3.4.0.tgz",
      "integrity": "sha512-VRliJo9VRAS4sSYgMjYbi7rYRixPWU2Tb8PFZb06OIj0nONK/1KRzHf2+Y6VGZeIacepLVgan6g2IUJjayE2rQ==",
      "requires": {
        "uuid": "^8.3.2"
      }
    },
    "remix-auth-discord": {
      "version": "1.2.0",
      "resolved": "https://registry.npmjs.org/remix-auth-discord/-/remix-auth-discord-1.2.0.tgz",
      "integrity": "sha512-35yLPfpXpFngtAD0JKYfTYjZFJhvTZoWwF+G/RB/b/tGroenymfrFZdazOWxwS3NLnY6Q9+h34tHplI6/UWyuw==",
      "requires": {
        "remix-auth": "^3.0.0",
        "remix-auth-oauth2": "^1.0.0"
      }
    },
    "remix-auth-facebook": {
      "version": "0.0.8",
      "resolved": "https://registry.npmjs.org/remix-auth-facebook/-/remix-auth-facebook-0.0.8.tgz",
      "integrity": "sha512-J08Hj4MwDZ9DNg1FWi/loMQDeVCQyO2tYVVHyqj8OxTF3mSTBj2MNIBfg2/miCIVIhqPtYBrNszXrUh7WDYIKg==",
      "requires": {
        "remix-auth-oauth2": "^1.2.2"
      }
    },
    "remix-auth-github": {
      "version": "1.2.1",
      "resolved": "https://registry.npmjs.org/remix-auth-github/-/remix-auth-github-1.2.1.tgz",
      "integrity": "sha512-zHFl1ys1vodIvWY0XmyKbSsXJQh1SJSukFCg2NEjD6fPeh6ekk4yRH9AcjybssZfsymHHQtmSYNB81sWYa0eWg==",
      "requires": {
        "remix-auth-oauth2": "^1.4.0"
      }
    },
    "remix-auth-google": {
      "version": "1.2.0",
      "resolved": "https://registry.npmjs.org/remix-auth-google/-/remix-auth-google-1.2.0.tgz",
      "integrity": "sha512-llyrtOt8vk503XlAoEdGuEmrHRACFOP13yPVn92VkrcogTUyALzuy8ky2O1/FSJ7Q2+B0di5yMiCF4IYD/Yn4g==",
      "requires": {
        "remix-auth-oauth2": "^1.1.0"
      }
    },
    "remix-auth-linkedin": {
      "version": "1.0.1",
      "resolved": "https://registry.npmjs.org/remix-auth-linkedin/-/remix-auth-linkedin-1.0.1.tgz",
      "integrity": "sha512-ssHXqx3nCmSIfGp8zOXkGY/TZ40bxpi8HsGnFzaWHWJImcyEQQGySB4PHaH0da9Yo7TvcjmQtZaNl66whkcS2g==",
      "requires": {
        "remix-auth": "^3.2.1",
        "remix-auth-oauth2": "^1.2.0"
      }
    },
    "remix-auth-microsoft": {
      "version": "2.0.0",
      "resolved": "https://registry.npmjs.org/remix-auth-microsoft/-/remix-auth-microsoft-2.0.0.tgz",
      "integrity": "sha512-SfTUvnRe+NIN8frSpAXpwjWBaPV8cM8a8TePbCtgmUy0eexwYM7SZTaEmT75C1XkMa3cVGlEQeKdovPMn0EaQw==",
      "requires": {
        "remix-auth": "^3.0.0",
        "remix-auth-oauth2": "^1.0.0"
      }
    },
    "remix-auth-oauth2": {
      "version": "1.5.0",
      "resolved": "https://registry.npmjs.org/remix-auth-oauth2/-/remix-auth-oauth2-1.5.0.tgz",
      "integrity": "sha512-vv/CX2bCeVf8vzACfS1Fae+i75Cw0/As3RLkp00+9n9IBEvKi07LhUxTbODNA51jRh+wInnmCRIwsHafKQDD6g==",
      "requires": {
        "debug": "^4.3.4",
        "remix-auth": "^3.4.0",
        "uuid": "^8.3.2"
      }
    },
    "remix-auth-twitter": {
      "version": "0.1.1",
      "resolved": "https://registry.npmjs.org/remix-auth-twitter/-/remix-auth-twitter-0.1.1.tgz",
      "integrity": "sha512-6Qej/LZHYAQzG51Fqu14vqWLZGKzRkAXx77x17potJtxwSzGpy8OsqdhTm/EBbT/RKg71CsomQVpSWEq5E1Vig==",
      "requires": {
        "crypto-js": "^4.1.1",
        "debug": "^4.3.3",
        "react-dom": "^17.0.2",
        "remix-auth": "^3.2.2",
        "uuid": "^8.3.2"
      },
      "dependencies": {
        "react": {
          "version": "17.0.2",
          "resolved": "https://registry.npmjs.org/react/-/react-17.0.2.tgz",
          "integrity": "sha512-gnhPt75i/dq/z3/6q/0asP78D0u592D5L1pd7M8P+dck6Fu/jJeL6iVVK23fptSUZj8Vjf++7wXA8UNclGQcbA==",
          "peer": true,
          "requires": {
            "loose-envify": "^1.1.0",
            "object-assign": "^4.1.1"
          }
        },
        "react-dom": {
          "version": "17.0.2",
          "resolved": "https://registry.npmjs.org/react-dom/-/react-dom-17.0.2.tgz",
          "integrity": "sha512-s4h96KtLDUQlsENhMn1ar8t2bEa+q/YAtj8pPPdIjPDGBDIVNsrD9aXNWqspUe6AzKCIG0C1HZZLqLV7qpOBGA==",
          "requires": {
            "loose-envify": "^1.1.0",
            "object-assign": "^4.1.1",
            "scheduler": "^0.20.2"
          }
        },
        "scheduler": {
          "version": "0.20.2",
          "resolved": "https://registry.npmjs.org/scheduler/-/scheduler-0.20.2.tgz",
          "integrity": "sha512-2eWfGgAqqWFGqtdMmcL5zCMK1U8KlXv8SQFGglL3CEtd0aDVDWgeF/YoCmvln55m5zSk3J/20hTaSBeSObsQDQ==",
          "requires": {
            "loose-envify": "^1.1.0",
            "object-assign": "^4.1.1"
          }
        }
      }
    },
    "scheduler": {
      "version": "0.23.0",
      "resolved": "https://registry.npmjs.org/scheduler/-/scheduler-0.23.0.tgz",
      "integrity": "sha512-CtuThmgHNg7zIZWAXi3AsyIzA3n4xx7aNyjwC2VJldO2LMVDhFK+63xGqq6CsJH4rTAt6/M+N4GhZiDYPx9eUw==",
      "peer": true,
      "requires": {
        "loose-envify": "^1.1.0"
      }
    },
    "set-cookie-parser": {
      "version": "2.5.1",
      "resolved": "https://registry.npmjs.org/set-cookie-parser/-/set-cookie-parser-2.5.1.tgz",
      "integrity": "sha512-1jeBGaKNGdEq4FgIrORu/N570dwoPYio8lSoYLWmX7sQ//0JY08Xh9o5pBcgmHQ/MbsYp/aZnOe1s1lIsbLprQ==",
      "peer": true
    },
    "source-map": {
      "version": "0.7.4",
      "resolved": "https://registry.npmjs.org/source-map/-/source-map-0.7.4.tgz",
      "integrity": "sha512-l3BikUxvPOcn5E74dZiq5BGsTb5yEwhaTSzccU6t4sDOH8NWJCstKO5QT2CvtFoK6F0saL7p9xHAqHOlCPJygA==",
      "peer": true
    },
    "typescript": {
      "version": "4.9.4",
      "resolved": "https://registry.npmjs.org/typescript/-/typescript-4.9.4.tgz",
      "integrity": "sha512-Uz+dTXYzxXXbsFpM86Wh3dKCxrQqUcVMxwU54orwlJjOpO3ao8L7j5lH+dWfTwgCwIuM9GQ2kvVotzYJMXTBZg==",
      "dev": true
    },
    "uuid": {
      "version": "8.3.2",
      "resolved": "https://registry.npmjs.org/uuid/-/uuid-8.3.2.tgz",
      "integrity": "sha512-+NYs2QeMWy+GWFOEm9xnn6HCDp0l7QBD7ml8zLUmJ+93Q5NF0NocErnwkTkXVFNiX3/fpC6afS8Dhb/gz7R7eg=="
    }
  }
}
